{
  "name": "nixar",
  "version": "0.0.1",
  "lockfileVersion": 1,
  "requires": true,
  "dependencies": {
    "bs-platform": {
      "version": "7.3.1",
      "resolved": "https://registry.npmjs.org/bs-platform/-/bs-platform-7.3.1.tgz",
      "integrity": "sha512-RlQexm6i2gMKsfuHL8IcOHN0R/SQgxiurP96fo2nj71QgQQRh332ahOwIl0p0yNl9DH2Tg7ZV2pjG6MMMkaU6w==",
      "dev": true
    },
    "napkinscript": {
      "version": "git+https://github.com/IwanKaramazow/napkinscript.git#dfaa44c0ccb4c07bdf5016ca4d69242e70d1c156",
      "from": "git+https://github.com/IwanKaramazow/napkinscript.git"
    }
  }
}
